// !$*UTF8*$!
{
	archiveVersion = 1;
	classes = {
	};
	objectVersion = 50;
	objects = {

/* Begin PBXBuildFile section */
		640DD05A2331206100B70CC3 /* GlobeExperience.swift in Sources */ = {isa = PBXBuildFile; fileRef = 640DD0592331206100B70CC3 /* GlobeExperience.swift */; };
		640DD05D233124D700B70CC3 /* models.swift in Sources */ = {isa = PBXBuildFile; fileRef = 640DD05B233124D700B70CC3 /* models.swift */; };
		640DD05E233124D700B70CC3 /* Parser.swift in Sources */ = {isa = PBXBuildFile; fileRef = 640DD05C233124D700B70CC3 /* Parser.swift */; };
		640DD060233130A200B70CC3 /* pbrMaterials.swift in Sources */ = {isa = PBXBuildFile; fileRef = 640DD05F233130A200B70CC3 /* pbrMaterials.swift */; };
		640DD0622331311300B70CC3 /* RawmatSample.swift in Sources */ = {isa = PBXBuildFile; fileRef = 640DD0612331311300B70CC3 /* RawmatSample.swift */; };
		64198745233002B10040FC63 /* AppDelegate.swift in Sources */ = {isa = PBXBuildFile; fileRef = 64198744233002B10040FC63 /* AppDelegate.swift */; };
		64198747233002B10040FC63 /* art.scnassets in Resources */ = {isa = PBXBuildFile; fileRef = 64198746233002B10040FC63 /* art.scnassets */; };
		64198749233002B10040FC63 /* ViewController.swift in Sources */ = {isa = PBXBuildFile; fileRef = 64198748233002B10040FC63 /* ViewController.swift */; };
		6419874C233002B10040FC63 /* Main.storyboard in Resources */ = {isa = PBXBuildFile; fileRef = 6419874A233002B10040FC63 /* Main.storyboard */; };
		6419874E233002B20040FC63 /* Assets.xcassets in Resources */ = {isa = PBXBuildFile; fileRef = 6419874D233002B20040FC63 /* Assets.xcassets */; };
		64198751233002B20040FC63 /* LaunchScreen.storyboard in Resources */ = {isa = PBXBuildFile; fileRef = 6419874F233002B20040FC63 /* LaunchScreen.storyboard */; };
		6419875A233008410040FC63 /* EarthNode.swift in Sources */ = {isa = PBXBuildFile; fileRef = 64198759233008410040FC63 /* EarthNode.swift */; };
		64FB111A23301AD100625181 /* LocationSpot.swift in Sources */ = {isa = PBXBuildFile; fileRef = 64FB111923301AD100625181 /* LocationSpot.swift */; };
		64FB111C23302FFF00625181 /* LocationLabel.swift in Sources */ = {isa = PBXBuildFile; fileRef = 64FB111B23302FFF00625181 /* LocationLabel.swift */; };
		64FB111E233043DE00625181 /* Path3.swift in Sources */ = {isa = PBXBuildFile; fileRef = 64FB111D233043DE00625181 /* Path3.swift */; };
		64FB1120233047DA00625181 /* VectorMath.swift in Sources */ = {isa = PBXBuildFile; fileRef = 64FB111F233047DA00625181 /* VectorMath.swift */; };
		64FB112223304D9B00625181 /* BezierPath.swift in Sources */ = {isa = PBXBuildFile; fileRef = 64FB112123304D9B00625181 /* BezierPath.swift */; };
/* End PBXBuildFile section */

/* Begin PBXFileReference section */
		640DD0592331206100B70CC3 /* GlobeExperience.swift */ = {isa = PBXFileReference; lastKnownFileType = sourcecode.swift; path = GlobeExperience.swift; sourceTree = "<group>"; };
		640DD05B233124D700B70CC3 /* models.swift */ = {isa = PBXFileReference; fileEncoding = 4; lastKnownFileType = sourcecode.swift; path = models.swift; sourceTree = "<group>"; };
		640DD05C233124D700B70CC3 /* Parser.swift */ = {isa = PBXFileReference; fileEncoding = 4; lastKnownFileType = sourcecode.swift; path = Parser.swift; sourceTree = "<group>"; };
		640DD05F233130A200B70CC3 /* pbrMaterials.swift */ = {isa = PBXFileReference; fileEncoding = 4; lastKnownFileType = sourcecode.swift; path = pbrMaterials.swift; sourceTree = "<group>"; };
		640DD0612331311300B70CC3 /* RawmatSample.swift */ = {isa = PBXFileReference; lastKnownFileType = sourcecode.swift; path = RawmatSample.swift; sourceTree = "<group>"; };
		64198741233002B10040FC63 /* ARoute.app */ = {isa = PBXFileReference; explicitFileType = wrapper.application; includeInIndex = 0; path = ARoute.app; sourceTree = BUILT_PRODUCTS_DIR; };
		64198744233002B10040FC63 /* AppDelegate.swift */ = {isa = PBXFileReference; lastKnownFileType = sourcecode.swift; path = AppDelegate.swift; sourceTree = "<group>"; };
		64198746233002B10040FC63 /* art.scnassets */ = {isa = PBXFileReference; lastKnownFileType = wrapper.scnassets; path = art.scnassets; sourceTree = "<group>"; };
		64198748233002B10040FC63 /* ViewController.swift */ = {isa = PBXFileReference; lastKnownFileType = sourcecode.swift; path = ViewController.swift; sourceTree = "<group>"; };
		6419874B233002B10040FC63 /* Base */ = {isa = PBXFileReference; lastKnownFileType = file.storyboard; name = Base; path = Base.lproj/Main.storyboard; sourceTree = "<group>"; };
		6419874D233002B20040FC63 /* Assets.xcassets */ = {isa = PBXFileReference; lastKnownFileType = folder.assetcatalog; path = Assets.xcassets; sourceTree = "<group>"; };
		64198750233002B20040FC63 /* Base */ = {isa = PBXFileReference; lastKnownFileType = file.storyboard; name = Base; path = Base.lproj/LaunchScreen.storyboard; sourceTree = "<group>"; };
		64198752233002B20040FC63 /* Info.plist */ = {isa = PBXFileReference; lastKnownFileType = text.plist.xml; path = Info.plist; sourceTree = "<group>"; };
		64198759233008410040FC63 /* EarthNode.swift */ = {isa = PBXFileReference; lastKnownFileType = sourcecode.swift; path = EarthNode.swift; sourceTree = "<group>"; };
		64FB111923301AD100625181 /* LocationSpot.swift */ = {isa = PBXFileReference; lastKnownFileType = sourcecode.swift; path = LocationSpot.swift; sourceTree = "<group>"; };
		64FB111B23302FFF00625181 /* LocationLabel.swift */ = {isa = PBXFileReference; lastKnownFileType = sourcecode.swift; path = LocationLabel.swift; sourceTree = "<group>"; };
		64FB111D233043DE00625181 /* Path3.swift */ = {isa = PBXFileReference; lastKnownFileType = sourcecode.swift; path = Path3.swift; sourceTree = "<group>"; };
		64FB111F233047DA00625181 /* VectorMath.swift */ = {isa = PBXFileReference; lastKnownFileType = sourcecode.swift; path = VectorMath.swift; sourceTree = "<group>"; };
		64FB112123304D9B00625181 /* BezierPath.swift */ = {isa = PBXFileReference; lastKnownFileType = sourcecode.swift; path = BezierPath.swift; sourceTree = "<group>"; };
/* End PBXFileReference section */

/* Begin PBXFrameworksBuildPhase section */
		6419873E233002B10040FC63 /* Frameworks */ = {
			isa = PBXFrameworksBuildPhase;
			buildActionMask = 2147483647;
			files = (
			);
			runOnlyForDeploymentPostprocessing = 0;
		};
/* End PBXFrameworksBuildPhase section */

/* Begin PBXGroup section */
		64198738233002B10040FC63 = {
			isa = PBXGroup;
			children = (
				64198743233002B10040FC63 /* ARoute */,
				64198742233002B10040FC63 /* Products */,
			);
			sourceTree = "<group>";
		};
		64198742233002B10040FC63 /* Products */ = {
			isa = PBXGroup;
			children = (
				64198741233002B10040FC63 /* ARoute.app */,
			);
			name = Products;
			sourceTree = "<group>";
		};
		64198743233002B10040FC63 /* ARoute */ = {
			isa = PBXGroup;
			children = (
				64198758233008230040FC63 /* Objects */,
				64198744233002B10040FC63 /* AppDelegate.swift */,
				64198746233002B10040FC63 /* art.scnassets */,
				64198748233002B10040FC63 /* ViewController.swift */,
				6419874A233002B10040FC63 /* Main.storyboard */,
				6419874D233002B20040FC63 /* Assets.xcassets */,
				6419874F233002B20040FC63 /* LaunchScreen.storyboard */,
				64198752233002B20040FC63 /* Info.plist */,
			);
			path = ARoute;
			sourceTree = "<group>";
		};
		64198758233008230040FC63 /* Objects */ = {
			isa = PBXGroup;
			children = (
				640DD05F233130A200B70CC3 /* pbrMaterials.swift */,
				640DD05B233124D700B70CC3 /* models.swift */,
				640DD05C233124D700B70CC3 /* Parser.swift */,
				64198759233008410040FC63 /* EarthNode.swift */,
				64FB111923301AD100625181 /* LocationSpot.swift */,
				64FB111B23302FFF00625181 /* LocationLabel.swift */,
				64FB111D233043DE00625181 /* Path3.swift */,
				64FB111F233047DA00625181 /* VectorMath.swift */,
				64FB112123304D9B00625181 /* BezierPath.swift */,
				640DD0592331206100B70CC3 /* GlobeExperience.swift */,
				640DD0612331311300B70CC3 /* RawmatSample.swift */,
			);
			path = Objects;
			sourceTree = "<group>";
		};
/* End PBXGroup section */

/* Begin PBXNativeTarget section */
		64198740233002B10040FC63 /* ARoute */ = {
			isa = PBXNativeTarget;
			buildConfigurationList = 64198755233002B20040FC63 /* Build configuration list for PBXNativeTarget "ARoute" */;
			buildPhases = (
				6419873D233002B10040FC63 /* Sources */,
				6419873E233002B10040FC63 /* Frameworks */,
				6419873F233002B10040FC63 /* Resources */,
			);
			buildRules = (
			);
			dependencies = (
			);
			name = ARoute;
			productName = ARoute;
			productReference = 64198741233002B10040FC63 /* ARoute.app */;
			productType = "com.apple.product-type.application";
		};
/* End PBXNativeTarget section */

/* Begin PBXProject section */
		64198739233002B10040FC63 /* Project object */ = {
			isa = PBXProject;
			attributes = {
				LastSwiftUpdateCheck = 1100;
				LastUpgradeCheck = 1100;
				ORGANIZATIONNAME = "Marcus Gårdman";
				TargetAttributes = {
					64198740233002B10040FC63 = {
						CreatedOnToolsVersion = 11.0;
					};
				};
			};
			buildConfigurationList = 6419873C233002B10040FC63 /* Build configuration list for PBXProject "ARoute" */;
			compatibilityVersion = "Xcode 9.3";
			developmentRegion = en;
			hasScannedForEncodings = 0;
			knownRegions = (
				en,
				Base,
			);
			mainGroup = 64198738233002B10040FC63;
			productRefGroup = 64198742233002B10040FC63 /* Products */;
			projectDirPath = "";
			projectRoot = "";
			targets = (
				64198740233002B10040FC63 /* ARoute */,
			);
		};
/* End PBXProject section */

/* Begin PBXResourcesBuildPhase section */
		6419873F233002B10040FC63 /* Resources */ = {
			isa = PBXResourcesBuildPhase;
			buildActionMask = 2147483647;
			files = (
				64198747233002B10040FC63 /* art.scnassets in Resources */,
				64198751233002B20040FC63 /* LaunchScreen.storyboard in Resources */,
				6419874E233002B20040FC63 /* Assets.xcassets in Resources */,
				6419874C233002B10040FC63 /* Main.storyboard in Resources */,
			);
			runOnlyForDeploymentPostprocessing = 0;
		};
/* End PBXResourcesBuildPhase section */

/* Begin PBXSourcesBuildPhase section */
		6419873D233002B10040FC63 /* Sources */ = {
			isa = PBXSourcesBuildPhase;
			buildActionMask = 2147483647;
			files = (
				64FB1120233047DA00625181 /* VectorMath.swift in Sources */,
				64FB112223304D9B00625181 /* BezierPath.swift in Sources */,
				64FB111C23302FFF00625181 /* LocationLabel.swift in Sources */,
				64FB111A23301AD100625181 /* LocationSpot.swift in Sources */,
				64FB111E233043DE00625181 /* Path3.swift in Sources */,
				640DD0622331311300B70CC3 /* RawmatSample.swift in Sources */,
				64198749233002B10040FC63 /* ViewController.swift in Sources */,
				6419875A233008410040FC63 /* EarthNode.swift in Sources */,
				640DD05A2331206100B70CC3 /* GlobeExperience.swift in Sources */,
				640DD05E233124D700B70CC3 /* Parser.swift in Sources */,
				640DD060233130A200B70CC3 /* pbrMaterials.swift in Sources */,
				64198745233002B10040FC63 /* AppDelegate.swift in Sources */,
				640DD05D233124D700B70CC3 /* models.swift in Sources */,
			);
			runOnlyForDeploymentPostprocessing = 0;
		};
/* End PBXSourcesBuildPhase section */

/* Begin PBXVariantGroup section */
		6419874A233002B10040FC63 /* Main.storyboard */ = {
			isa = PBXVariantGroup;
			children = (
				6419874B233002B10040FC63 /* Base */,
			);
			name = Main.storyboard;
			sourceTree = "<group>";
		};
		6419874F233002B20040FC63 /* LaunchScreen.storyboard */ = {
			isa = PBXVariantGroup;
			children = (
				64198750233002B20040FC63 /* Base */,
			);
			name = LaunchScreen.storyboard;
			sourceTree = "<group>";
		};
/* End PBXVariantGroup section */

/* Begin XCBuildConfiguration section */
		64198753233002B20040FC63 /* Debug */ = {
			isa = XCBuildConfiguration;
			buildSettings = {
				ALWAYS_SEARCH_USER_PATHS = NO;
				CLANG_ANALYZER_NONNULL = YES;
				CLANG_ANALYZER_NUMBER_OBJECT_CONVERSION = YES_AGGRESSIVE;
				CLANG_CXX_LANGUAGE_STANDARD = "gnu++14";
				CLANG_CXX_LIBRARY = "libc++";
				CLANG_ENABLE_MODULES = YES;
				CLANG_ENABLE_OBJC_ARC = YES;
				CLANG_ENABLE_OBJC_WEAK = YES;
				CLANG_WARN_BLOCK_CAPTURE_AUTORELEASING = YES;
				CLANG_WARN_BOOL_CONVERSION = YES;
				CLANG_WARN_COMMA = YES;
				CLANG_WARN_CONSTANT_CONVERSION = YES;
				CLANG_WARN_DEPRECATED_OBJC_IMPLEMENTATIONS = YES;
				CLANG_WARN_DIRECT_OBJC_ISA_USAGE = YES_ERROR;
				CLANG_WARN_DOCUMENTATION_COMMENTS = YES;
				CLANG_WARN_EMPTY_BODY = YES;
				CLANG_WARN_ENUM_CONVERSION = YES;
				CLANG_WARN_INFINITE_RECURSION = YES;
				CLANG_WARN_INT_CONVERSION = YES;
				CLANG_WARN_NON_LITERAL_NULL_CONVERSION = YES;
				CLANG_WARN_OBJC_IMPLICIT_RETAIN_SELF = YES;
				CLANG_WARN_OBJC_LITERAL_CONVERSION = YES;
				CLANG_WARN_OBJC_ROOT_CLASS = YES_ERROR;
				CLANG_WARN_RANGE_LOOP_ANALYSIS = YES;
				CLANG_WARN_STRICT_PROTOTYPES = YES;
				CLANG_WARN_SUSPICIOUS_MOVE = YES;
				CLANG_WARN_UNGUARDED_AVAILABILITY = YES_AGGRESSIVE;
				CLANG_WARN_UNREACHABLE_CODE = YES;
				CLANG_WARN__DUPLICATE_METHOD_MATCH = YES;
				COPY_PHASE_STRIP = NO;
				DEBUG_INFORMATION_FORMAT = dwarf;
				ENABLE_STRICT_OBJC_MSGSEND = YES;
				ENABLE_TESTABILITY = YES;
				GCC_C_LANGUAGE_STANDARD = gnu11;
				GCC_DYNAMIC_NO_PIC = NO;
				GCC_NO_COMMON_BLOCKS = YES;
				GCC_OPTIMIZATION_LEVEL = 0;
				GCC_PREPROCESSOR_DEFINITIONS = (
					"DEBUG=1",
					"$(inherited)",
				);
				GCC_WARN_64_TO_32_BIT_CONVERSION = YES;
				GCC_WARN_ABOUT_RETURN_TYPE = YES_ERROR;
				GCC_WARN_UNDECLARED_SELECTOR = YES;
				GCC_WARN_UNINITIALIZED_AUTOS = YES_AGGRESSIVE;
				GCC_WARN_UNUSED_FUNCTION = YES;
				GCC_WARN_UNUSED_VARIABLE = YES;
				IPHONEOS_DEPLOYMENT_TARGET = 13.0;
				MTL_ENABLE_DEBUG_INFO = INCLUDE_SOURCE;
				MTL_FAST_MATH = YES;
				ONLY_ACTIVE_ARCH = YES;
				SDKROOT = iphoneos;
				SWIFT_ACTIVE_COMPILATION_CONDITIONS = DEBUG;
				SWIFT_OPTIMIZATION_LEVEL = "-Onone";
			};
			name = Debug;
		};
		64198754233002B20040FC63 /* Release */ = {
			isa = XCBuildConfiguration;
			buildSettings = {
				ALWAYS_SEARCH_USER_PATHS = NO;
				CLANG_ANALYZER_NONNULL = YES;
				CLANG_ANALYZER_NUMBER_OBJECT_CONVERSION = YES_AGGRESSIVE;
				CLANG_CXX_LANGUAGE_STANDARD = "gnu++14";
				CLANG_CXX_LIBRARY = "libc++";
				CLANG_ENABLE_MODULES = YES;
				CLANG_ENABLE_OBJC_ARC = YES;
				CLANG_ENABLE_OBJC_WEAK = YES;
				CLANG_WARN_BLOCK_CAPTURE_AUTORELEASING = YES;
				CLANG_WARN_BOOL_CONVERSION = YES;
				CLANG_WARN_COMMA = YES;
				CLANG_WARN_CONSTANT_CONVERSION = YES;
				CLANG_WARN_DEPRECATED_OBJC_IMPLEMENTATIONS = YES;
				CLANG_WARN_DIRECT_OBJC_ISA_USAGE = YES_ERROR;
				CLANG_WARN_DOCUMENTATION_COMMENTS = YES;
				CLANG_WARN_EMPTY_BODY = YES;
				CLANG_WARN_ENUM_CONVERSION = YES;
				CLANG_WARN_INFINITE_RECURSION = YES;
				CLANG_WARN_INT_CONVERSION = YES;
				CLANG_WARN_NON_LITERAL_NULL_CONVERSION = YES;
				CLANG_WARN_OBJC_IMPLICIT_RETAIN_SELF = YES;
				CLANG_WARN_OBJC_LITERAL_CONVERSION = YES;
				CLANG_WARN_OBJC_ROOT_CLASS = YES_ERROR;
				CLANG_WARN_RANGE_LOOP_ANALYSIS = YES;
				CLANG_WARN_STRICT_PROTOTYPES = YES;
				CLANG_WARN_SUSPICIOUS_MOVE = YES;
				CLANG_WARN_UNGUARDED_AVAILABILITY = YES_AGGRESSIVE;
				CLANG_WARN_UNREACHABLE_CODE = YES;
				CLANG_WARN__DUPLICATE_METHOD_MATCH = YES;
				COPY_PHASE_STRIP = NO;
				DEBUG_INFORMATION_FORMAT = "dwarf-with-dsym";
				ENABLE_NS_ASSERTIONS = NO;
				ENABLE_STRICT_OBJC_MSGSEND = YES;
				GCC_C_LANGUAGE_STANDARD = gnu11;
				GCC_NO_COMMON_BLOCKS = YES;
				GCC_WARN_64_TO_32_BIT_CONVERSION = YES;
				GCC_WARN_ABOUT_RETURN_TYPE = YES_ERROR;
				GCC_WARN_UNDECLARED_SELECTOR = YES;
				GCC_WARN_UNINITIALIZED_AUTOS = YES_AGGRESSIVE;
				GCC_WARN_UNUSED_FUNCTION = YES;
				GCC_WARN_UNUSED_VARIABLE = YES;
				IPHONEOS_DEPLOYMENT_TARGET = 13.0;
				MTL_ENABLE_DEBUG_INFO = NO;
				MTL_FAST_MATH = YES;
				SDKROOT = iphoneos;
				SWIFT_COMPILATION_MODE = wholemodule;
				SWIFT_OPTIMIZATION_LEVEL = "-O";
				VALIDATE_PRODUCT = YES;
			};
			name = Release;
		};
		64198756233002B20040FC63 /* Debug */ = {
			isa = XCBuildConfiguration;
			buildSettings = {
				ASSETCATALOG_COMPILER_APPICON_NAME = AppIcon;
				CODE_SIGN_STYLE = Automatic;
				DEVELOPMENT_TEAM = 53ECQCJXJ4;
				INFOPLIST_FILE = ARoute/Info.plist;
				LD_RUNPATH_SEARCH_PATHS = (
					"$(inherited)",
					"@executable_path/Frameworks",
				);
				PRODUCT_BUNDLE_IDENTIFIER = com.ericsson.one.destech.ARoute;
				PRODUCT_NAME = "$(TARGET_NAME)";
				SWIFT_VERSION = 5.0;
				TARGETED_DEVICE_FAMILY = "1,2";
			};
			name = Debug;
		};
		64198757233002B20040FC63 /* Release */ = {
			isa = XCBuildConfiguration;
			buildSettings = {
				ASSETCATALOG_COMPILER_APPICON_NAME = AppIcon;
				CODE_SIGN_STYLE = Automatic;
				DEVELOPMENT_TEAM = 53ECQCJXJ4;
				INFOPLIST_FILE = ARoute/Info.plist;
				LD_RUNPATH_SEARCH_PATHS = (
					"$(inherited)",
					"@executable_path/Frameworks",
				);
				PRODUCT_BUNDLE_IDENTIFIER = com.ericsson.one.destech.ARoute;
				PRODUCT_NAME = "$(TARGET_NAME)";
				SWIFT_VERSION = 5.0;
				TARGETED_DEVICE_FAMILY = "1,2";
			};
			name = Release;
		};
/* End XCBuildConfiguration section */

/* Begin XCConfigurationList section */
		6419873C233002B10040FC63 /* Build configuration list for PBXProject "ARoute" */ = {
			isa = XCConfigurationList;
			buildConfigurations = (
				64198753233002B20040FC63 /* Debug */,
				64198754233002B20040FC63 /* Release */,
			);
			defaultConfigurationIsVisible = 0;
			defaultConfigurationName = Release;
		};
		64198755233002B20040FC63 /* Build configuration list for PBXNativeTarget "ARoute" */ = {
			isa = XCConfigurationList;
			buildConfigurations = (
				64198756233002B20040FC63 /* Debug */,
				64198757233002B20040FC63 /* Release */,
			);
			defaultConfigurationIsVisible = 0;
			defaultConfigurationName = Release;
		};
/* End XCConfigurationList section */
	};
	rootObject = 64198739233002B10040FC63 /* Project object */;
}
